
Microsoft Visual Studio Solution File, Format Version 12.00
# Visual Studio 15
VisualStudioVersion = 15.0.28307.168
MinimumVisualStudioVersion = 10.0.40219.1
Project("{FAE04EC0-301F-11D3-BF4B-00C04F79EFBC}") = "OncoCalculatorCS", "OncoCalculatorCS\OncoCalculatorCS.csproj", "{C775D5BF-431B-41B4-975A-33C85CB86694}"
EndProject
Global
	GlobalSection(SolutionConfigurationPlatforms) = preSolution
		Debug|Any CPU = Debug|Any CPU
		Release|Any CPU = Release|Any CPU
	EndGlobalSection
	GlobalSection(ProjectConfigurationPlatforms) = postSolution
		{C775D5BF-431B-41B4-975A-33C85CB86694}.Debug|Any CPU.ActiveCfg = Debug|Any CPU
		{C775D5BF-431B-41B4-975A-33C85CB86694}.Debug|Any CPU.Build.0 = Debug|Any CPU
		{C775D5BF-431B-41B4-975A-33C85CB86694}.Release|Any CPU.ActiveCfg = Release|Any CPU
		{C775D5BF-431B-41B4-975A-33C85CB86694}.Release|Any CPU.Build.0 = Release|Any CPU
	EndGlobalSection
	GlobalSection(SolutionProperties) = preSolution
		HideSolutionNode = FALSE
	EndGlobalSection
	GlobalSection(ExtensibilityGlobals) = postSolution
		SolutionGuid = {1423C1FD-FEAE-448B-92A4-4B3F901542DD}
	EndGlobalSection
EndGlobal
